<?xml version="1.0" encoding="utf-8"?>
<Project ToolsVersion="4.0" xmlns="http://schemas.microsoft.com/developer/msbuild/2003">
  <ItemGroup>
    <Filter Include="Source Files">
      <UniqueIdentifier>{4FC737F1-C7A5-4376-A066-2A32D752A2FF}</UniqueIdentifier>
      <Extensions>cpp;c;cc;cxx;c++;cppm;ixx;def;odl;idl;hpj;bat;asm;asmx</Extensions>
    </Filter>
    <Filter Include="Header Files">
      <UniqueIdentifier>{93995380-89BD-4b04-88EB-625FBE52EBFB}</UniqueIdentifier>
      <Extensions>h;hh;hpp;hxx;h++;hm;inl;inc;ipp;xsd</Extensions>
    </Filter>
    <Filter Include="Resource Files">
      <UniqueIdentifier>{67DA6AB6-F800-4c08-8B7A-83BB121AAD01}</UniqueIdentifier>
      <Extensions>rc;ico;cur;bmp;dlg;rc2;rct;bin;rgs;gif;jpg;jpeg;jpe;resx;tiff;tif;png;wav;mfcribbon-ms</Extensions>
    </Filter>
    <Filter Include="Source Files\network">
      <UniqueIdentifier>{2d5b4bfc-956e-4216-a81f-d34dded04fb3}</UniqueIdentifier>
    </Filter>
    <Filter Include="Header Files\network">
      <UniqueIdentifier>{f8320e00-2b45-4dd2-81da-3bf6cabec331}</UniqueIdentifier>
    </Filter>
    <Filter Include="Source Files\general">
      <UniqueIdentifier>{db549116-f942-4fe6-950f-016ad372eb5d}</UniqueIdentifier>
    </Filter>
    <Filter Include="Header Files\general">
      <UniqueIdentifier>{9ab9176f-f517-4920-bbc4-eaf03db001c5}</UniqueIdentifier>
    </Filter>
  </ItemGroup>
  <ItemGroup>
    <ClCompile Include="..\examples\Client.cpp">
      <Filter>Source Files</Filter>
    </ClCompile>
    <ClCompile Include="..\examples\pcout.cpp">
      <Filter>Source Files</Filter>
    </ClCompile>
    <ClCompile Include="..\examples\SecureClient.cpp">
      <Filter>Source Files</Filter>
    </ClCompile>
    <ClCompile Include="..\examples\SecureServer.cpp">
      <Filter>Source Files</Filter>
    </ClCompile>
    <ClCompile Include="..\examples\Server.cpp">
      <Filter>Source Files</Filter>
    </ClCompile>
    <ClCompile Include="..\examples\SocketExample.cpp">
      <Filter>Source Files</Filter>
    </ClCompile>
    <ClCompile Include="..\network\SecureSocket.cpp">
      <Filter>Source Files\network</Filter>
    </ClCompile>
    <ClCompile Include="..\network\SecureSocketObject.cpp">
      <Filter>Source Files\network</Filter>
    </ClCompile>
    <ClCompile Include="..\network\Socket.cpp">
      <Filter>Source Files\network</Filter>
    </ClCompile>
    <ClCompile Include="..\network\SocketObject.cpp">
      <Filter>Source Files\network</Filter>
    </ClCompile>
    <ClCompile Include="..\network\SocketOption.cpp">
      <Filter>Source Files\network</Filter>
    </ClCompile>
    <ClCompile Include="..\general\BaseException.cpp">
      <Filter>Source Files\general</Filter>
    </ClCompile>
    <ClCompile Include="..\general\SocketException.cpp">
      <Filter>Source Files\general</Filter>
    </ClCompile>
  </ItemGroup>
  <ItemGroup>
    <ClInclude Include="..\network\SecureSocket.h">
      <Filter>Header Files\network</Filter>
    </ClInclude>
    <ClInclude Include="..\network\SecureSocketObject.h">
      <Filter>Header Files\network</Filter>
    </ClInclude>
    <ClInclude Include="..\network\Socket.h">
      <Filter>Header Files\network</Filter>
    </ClInclude>
    <ClInclude Include="..\network\SocketObject.h">
      <Filter>Header Files\network</Filter>
    </ClInclude>
    <ClInclude Include="..\network\SocketOption.h">
      <Filter>Header Files\network</Filter>
    </ClInclude>
    <ClInclude Include="..\network\version.h">
      <Filter>Header Files\network</Filter>
    </ClInclude>
    <ClInclude Include="..\examples\Client.h">
      <Filter>Header Files</Filter>
    </ClInclude>
    <ClInclude Include="..\examples\pcout.h">
      <Filter>Header Files</Filter>
    </ClInclude>
    <ClInclude Include="..\examples\SecureClient.h">
      <Filter>Header Files</Filter>
    </ClInclude>
    <ClInclude Include="..\examples\SecureServer.h">
      <Filter>Header Files</Filter>
    </ClInclude>
    <ClInclude Include="..\examples\Server.h">
      <Filter>Header Files</Filter>
    </ClInclude>
    <ClInclude Include="..\general\BaseException.h">
      <Filter>Header Files\general</Filter>
    </ClInclude>
    <ClInclude Include="..\general\SocketException.h">
      <Filter>Header Files\general</Filter>
    </ClInclude>
  </ItemGroup>
</Project>